
Microsoft Visual Studio Solution File, Format Version 12.00
# Visual Studio Version 16
VisualStudioVersion = 16.0.29519.87
MinimumVisualStudioVersion = 15.0.26124.0
Project("{2150E333-8FDC-42A3-9474-1A3956D46DE8}") = "Common", "Common", "{663B708E-82A6-4013-9600-2F432FBDCADF}"
EndProject
Project("{2150E333-8FDC-42A3-9474-1A3956D46DE8}") = "TrackerServer", "TrackerServer", "{2B3A3A15-F58C-458F-9490-6DD81161401E}"
EndProject
Project("{2150E333-8FDC-42A3-9474-1A3956D46DE8}") = "TorrentServer", "TorrentServer", "{DC5AD775-EB69-49A8-B202-DA146968BE50}"
EndProject
Project("{2150E333-8FDC-42A3-9474-1A3956D46DE8}") = "Client", "Client", "{2EEE0898-9678-4693-B146-9F56D601AB4D}"
EndProject
Project("{9A19103F-16F7-4668-BE54-9A1E7A4F7556}") = "Utils", "Utils\Utils.csproj", "{ADA200DB-33FD-4CB9-B67E-0A5557014292}"
EndProject
Project("{9A19103F-16F7-4668-BE54-9A1E7A4F7556}") = "MyTorrent.TorrentServer", "MyTorrent.TorrentServer\MyTorrent.TorrentServer.csproj", "{74A100B4-1990-47BE-88EF-8D3F7106324D}"
EndProject
Project("{9A19103F-16F7-4668-BE54-9A1E7A4F7556}") = "MyTorrent.TrackerServer", "MyTorrent.TrackerServer\MyTorrent.TrackerServer.csproj", "{57CFC5D8-6805-4BD1-B682-BAE3FFF72FB0}"
EndProject
Project("{9A19103F-16F7-4668-BE54-9A1E7A4F7556}") = "MyTorrent.FragmentStorageProviders.Abstractions", "MyTorrent.FragmentStorageProviders.Abstractions\MyTorrent.FragmentStorageProviders.Abstractions.csproj", "{DBF84330-825C-4989-8F54-0CC95C09E73C}"
EndProject
Project("{9A19103F-16F7-4668-BE54-9A1E7A4F7556}") = "MyTorrent.FragmentStorageProviders.InMemory", "MyTorrent.FragmentStorageProviders.InMemory\MyTorrent.FragmentStorageProviders.InMemory.csproj", "{E7D977B4-7932-4261-8B81-B56DDD8691AC}"
EndProject
Project("{9A19103F-16F7-4668-BE54-9A1E7A4F7556}") = "MyTorrent.FragmentStorageProviders.Files", "MyTorrent.FragmentStorageProviders.Files\MyTorrent.FragmentStorageProviders.Files.csproj", "{CA8477B0-F4FF-426A-A725-C8828D6E4972}"
EndProject
Project("{9A19103F-16F7-4668-BE54-9A1E7A4F7556}") = "MyTorrent.DistributionServices.Abstractions", "MyTorrent.DistributionServices.Abstractions\MyTorrent.DistributionServices.Abstractions.csproj", "{C1164194-9B1D-4A86-8E97-3BE57C4BDFB5}"
EndProject
Project("{9A19103F-16F7-4668-BE54-9A1E7A4F7556}") = "MyTorrent.gRPC", "MyTorrent.gRPC\MyTorrent.gRPC.csproj", "{71C16C7F-1590-42B2-AAF1-8E587E07587F}"
EndProject
Project("{2150E333-8FDC-42A3-9474-1A3956D46DE8}") = "FragmentStorageProviders", "FragmentStorageProviders", "{38995EAC-9B30-41A9-B86E-D16F0659BD17}"
EndProject
Project("{2150E333-8FDC-42A3-9474-1A3956D46DE8}") = "HashingServiceProviders", "HashingServiceProviders", "{3C166490-0447-405E-BF7F-E724D94B54BD}"
EndProject
Project("{9A19103F-16F7-4668-BE54-9A1E7A4F7556}") = "MyTorrent.HashingServiceProviders.Abstractions", "MyTorrent.HashingServiceProviders.Abstractions\MyTorrent.HashingServiceProviders.Abstractions.csproj", "{41D739A0-9E0A-4F7D-B81C-2C6D50FB7D7A}"
EndProject
Project("{9A19103F-16F7-4668-BE54-9A1E7A4F7556}") = "MyTorrent.HashingServiceProviders.Standard", "MyTorrent.HashingServiceProviders.Standard\MyTorrent.HashingServiceProviders.Standard.csproj", "{64128E01-A048-47BB-890C-875F035E5749}"
EndProject
Project("{2150E333-8FDC-42A3-9474-1A3956D46DE8}") = "EventIdCreationSource", "EventIdCreationSource", "{45B8A7FB-5BC7-4096-9BDD-30E383B8601D}"
EndProject
Project("{9A19103F-16F7-4668-BE54-9A1E7A4F7556}") = "EventIdCreationSource.Abstractions", "EventIdCreationSource.Abstractions\EventIdCreationSource.Abstractions.csproj", "{A60601FD-178B-4046-B2BA-0A990C49E3DC}"
EndProject
Project("{9A19103F-16F7-4668-BE54-9A1E7A4F7556}") = "EventIdCreationSource.Core", "EventIdCreationSource.Core\EventIdCreationSource.Core.csproj", "{F3401167-E3F9-4648-ACD4-E5D552C7C747}"
EndProject
Project("{9A19103F-16F7-4668-BE54-9A1E7A4F7556}") = "MyTorrent.FragmentStorageProviders.Tests", "MyTorrent.FragmentStorageProviders.Tests\MyTorrent.FragmentStorageProviders.Tests.csproj", "{CDE1E4B4-2922-47A8-9E13-0FB9DF926517}"
EndProject
Project("{9A19103F-16F7-4668-BE54-9A1E7A4F7556}") = "EventIdCreationSource.Tests", "EventIdCreationSource.Tests\EventIdCreationSource.Tests.csproj", "{5F920D25-7D07-4BC5-BF3E-D2815179EC94}"
EndProject
Project("{9A19103F-16F7-4668-BE54-9A1E7A4F7556}") = "MyTorrent.HashingServiceProviders.Tests", "MyTorrent.HashingServiceProviders.Tests\MyTorrent.HashingServiceProviders.Tests.csproj", "{6163D7C9-53AC-4937-94E0-C1AA088A0280}"
EndProject
Project("{2150E333-8FDC-42A3-9474-1A3956D46DE8}") = "DistributionService", "DistributionService", "{2B266250-E05A-4B9D-AAEF-833F0AD97D35}"
EndProject
Project("{9A19103F-16F7-4668-BE54-9A1E7A4F7556}") = "MyTorrent.DistributionServices.Mqtt.Publisher", "MyTorrent.DistributionServices.Mqtt.Publisher\MyTorrent.DistributionServices.Mqtt.Publisher.csproj", "{C077A97C-3CE3-43F0-8F26-555F1D8CA275}"
EndProject
Project("{9A19103F-16F7-4668-BE54-9A1E7A4F7556}") = "MyTorrent.DistributionServices.Mqtt.Subscriber", "MyTorrent.DistributionServices.Mqtt.Subscriber\MyTorrent.DistributionServices.Mqtt.Subscriber.csproj", "{D240A336-A3F5-47D3-99CB-00F06F541046}"
EndProject
Project("{9A19103F-16F7-4668-BE54-9A1E7A4F7556}") = "MyTorrent.DistributionServices.Tests", "MyTorrent.DistributionServices.Tests\MyTorrent.DistributionServices.Tests.csproj", "{FDC9AE57-D722-4970-AC2B-2B714BAB81CE}"
EndProject
Project("{9A19103F-16F7-4668-BE54-9A1E7A4F7556}") = "MyTorrent.DistributionServices.DistributionMap", "MyTorrent.DistributionServices.DistributionMap\MyTorrent.DistributionServices.DistributionMap.csproj", "{4319FA5E-A256-40CC-A8DC-D2BB7F4B4015}"
EndProject
Project("{FAE04EC0-301F-11D3-BF4B-00C04F79EFBC}") = "MyTorrent.DistributionServices.Mock.Publisher", "MyTorrent.DistributionServices.Mock.Publisher\MyTorrent.DistributionServices.Mock.Publisher.csproj", "{FFB2463C-92E1-4FFD-8A27-612FE02B4181}"
EndProject
Project("{FAE04EC0-301F-11D3-BF4B-00C04F79EFBC}") = "MyTorrent.DistributionServices.Mock.Subscriber", "MyTorrent.DistributionServices.Mock.Subscriber\MyTorrent.DistributionServices.Mock.Subscriber.csproj", "{363B8EA1-2979-43D5-B626-D14B86974988}"
EndProject
Global
	GlobalSection(SolutionConfigurationPlatforms) = preSolution
		Debug|Any CPU = Debug|Any CPU
		Debug|x64 = Debug|x64
		Debug|x86 = Debug|x86
		Release|Any CPU = Release|Any CPU
		Release|x64 = Release|x64
		Release|x86 = Release|x86
	EndGlobalSection
	GlobalSection(ProjectConfigurationPlatforms) = postSolution
		{ADA200DB-33FD-4CB9-B67E-0A5557014292}.Debug|Any CPU.ActiveCfg = Debug|Any CPU
		{ADA200DB-33FD-4CB9-B67E-0A5557014292}.Debug|Any CPU.Build.0 = Debug|Any CPU
		{ADA200DB-33FD-4CB9-B67E-0A5557014292}.Debug|x64.ActiveCfg = Debug|Any CPU
		{ADA200DB-33FD-4CB9-B67E-0A5557014292}.Debug|x64.Build.0 = Debug|Any CPU
		{ADA200DB-33FD-4CB9-B67E-0A5557014292}.Debug|x86.ActiveCfg = Debug|Any CPU
		{ADA200DB-33FD-4CB9-B67E-0A5557014292}.Debug|x86.Build.0 = Debug|Any CPU
		{ADA200DB-33FD-4CB9-B67E-0A5557014292}.Release|Any CPU.ActiveCfg = Release|Any CPU
		{ADA200DB-33FD-4CB9-B67E-0A5557014292}.Release|Any CPU.Build.0 = Release|Any CPU
		{ADA200DB-33FD-4CB9-B67E-0A5557014292}.Release|x64.ActiveCfg = Release|Any CPU
		{ADA200DB-33FD-4CB9-B67E-0A5557014292}.Release|x64.Build.0 = Release|Any CPU
		{ADA200DB-33FD-4CB9-B67E-0A5557014292}.Release|x86.ActiveCfg = Release|Any CPU
		{ADA200DB-33FD-4CB9-B67E-0A5557014292}.Release|x86.Build.0 = Release|Any CPU
		{74A100B4-1990-47BE-88EF-8D3F7106324D}.Debug|Any CPU.ActiveCfg = Debug|Any CPU
		{74A100B4-1990-47BE-88EF-8D3F7106324D}.Debug|Any CPU.Build.0 = Debug|Any CPU
		{74A100B4-1990-47BE-88EF-8D3F7106324D}.Debug|x64.ActiveCfg = Debug|Any CPU
		{74A100B4-1990-47BE-88EF-8D3F7106324D}.Debug|x64.Build.0 = Debug|Any CPU
		{74A100B4-1990-47BE-88EF-8D3F7106324D}.Debug|x86.ActiveCfg = Debug|Any CPU
		{74A100B4-1990-47BE-88EF-8D3F7106324D}.Debug|x86.Build.0 = Debug|Any CPU
		{74A100B4-1990-47BE-88EF-8D3F7106324D}.Release|Any CPU.ActiveCfg = Release|Any CPU
		{74A100B4-1990-47BE-88EF-8D3F7106324D}.Release|Any CPU.Build.0 = Release|Any CPU
		{74A100B4-1990-47BE-88EF-8D3F7106324D}.Release|x64.ActiveCfg = Release|Any CPU
		{74A100B4-1990-47BE-88EF-8D3F7106324D}.Release|x64.Build.0 = Release|Any CPU
		{74A100B4-1990-47BE-88EF-8D3F7106324D}.Release|x86.ActiveCfg = Release|Any CPU
		{74A100B4-1990-47BE-88EF-8D3F7106324D}.Release|x86.Build.0 = Release|Any CPU
		{57CFC5D8-6805-4BD1-B682-BAE3FFF72FB0}.Debug|Any CPU.ActiveCfg = Debug|Any CPU
		{57CFC5D8-6805-4BD1-B682-BAE3FFF72FB0}.Debug|Any CPU.Build.0 = Debug|Any CPU
		{57CFC5D8-6805-4BD1-B682-BAE3FFF72FB0}.Debug|x64.ActiveCfg = Debug|Any CPU
		{57CFC5D8-6805-4BD1-B682-BAE3FFF72FB0}.Debug|x64.Build.0 = Debug|Any CPU
		{57CFC5D8-6805-4BD1-B682-BAE3FFF72FB0}.Debug|x86.ActiveCfg = Debug|Any CPU
		{57CFC5D8-6805-4BD1-B682-BAE3FFF72FB0}.Debug|x86.Build.0 = Debug|Any CPU
		{57CFC5D8-6805-4BD1-B682-BAE3FFF72FB0}.Release|Any CPU.ActiveCfg = Release|Any CPU
		{57CFC5D8-6805-4BD1-B682-BAE3FFF72FB0}.Release|Any CPU.Build.0 = Release|Any CPU
		{57CFC5D8-6805-4BD1-B682-BAE3FFF72FB0}.Release|x64.ActiveCfg = Release|Any CPU
		{57CFC5D8-6805-4BD1-B682-BAE3FFF72FB0}.Release|x64.Build.0 = Release|Any CPU
		{57CFC5D8-6805-4BD1-B682-BAE3FFF72FB0}.Release|x86.ActiveCfg = Release|Any CPU
		{57CFC5D8-6805-4BD1-B682-BAE3FFF72FB0}.Release|x86.Build.0 = Release|Any CPU
		{DBF84330-825C-4989-8F54-0CC95C09E73C}.Debug|Any CPU.ActiveCfg = Debug|Any CPU
		{DBF84330-825C-4989-8F54-0CC95C09E73C}.Debug|Any CPU.Build.0 = Debug|Any CPU
		{DBF84330-825C-4989-8F54-0CC95C09E73C}.Debug|x64.ActiveCfg = Debug|Any CPU
		{DBF84330-825C-4989-8F54-0CC95C09E73C}.Debug|x64.Build.0 = Debug|Any CPU
		{DBF84330-825C-4989-8F54-0CC95C09E73C}.Debug|x86.ActiveCfg = Debug|Any CPU
		{DBF84330-825C-4989-8F54-0CC95C09E73C}.Debug|x86.Build.0 = Debug|Any CPU
		{DBF84330-825C-4989-8F54-0CC95C09E73C}.Release|Any CPU.ActiveCfg = Release|Any CPU
		{DBF84330-825C-4989-8F54-0CC95C09E73C}.Release|Any CPU.Build.0 = Release|Any CPU
		{DBF84330-825C-4989-8F54-0CC95C09E73C}.Release|x64.ActiveCfg = Release|Any CPU
		{DBF84330-825C-4989-8F54-0CC95C09E73C}.Release|x64.Build.0 = Release|Any CPU
		{DBF84330-825C-4989-8F54-0CC95C09E73C}.Release|x86.ActiveCfg = Release|Any CPU
		{DBF84330-825C-4989-8F54-0CC95C09E73C}.Release|x86.Build.0 = Release|Any CPU
		{E7D977B4-7932-4261-8B81-B56DDD8691AC}.Debug|Any CPU.ActiveCfg = Debug|Any CPU
		{E7D977B4-7932-4261-8B81-B56DDD8691AC}.Debug|Any CPU.Build.0 = Debug|Any CPU
		{E7D977B4-7932-4261-8B81-B56DDD8691AC}.Debug|x64.ActiveCfg = Debug|Any CPU
		{E7D977B4-7932-4261-8B81-B56DDD8691AC}.Debug|x64.Build.0 = Debug|Any CPU
		{E7D977B4-7932-4261-8B81-B56DDD8691AC}.Debug|x86.ActiveCfg = Debug|Any CPU
		{E7D977B4-7932-4261-8B81-B56DDD8691AC}.Debug|x86.Build.0 = Debug|Any CPU
		{E7D977B4-7932-4261-8B81-B56DDD8691AC}.Release|Any CPU.ActiveCfg = Release|Any CPU
		{E7D977B4-7932-4261-8B81-B56DDD8691AC}.Release|Any CPU.Build.0 = Release|Any CPU
		{E7D977B4-7932-4261-8B81-B56DDD8691AC}.Release|x64.ActiveCfg = Release|Any CPU
		{E7D977B4-7932-4261-8B81-B56DDD8691AC}.Release|x64.Build.0 = Release|Any CPU
		{E7D977B4-7932-4261-8B81-B56DDD8691AC}.Release|x86.ActiveCfg = Release|Any CPU
		{E7D977B4-7932-4261-8B81-B56DDD8691AC}.Release|x86.Build.0 = Release|Any CPU
		{CA8477B0-F4FF-426A-A725-C8828D6E4972}.Debug|Any CPU.ActiveCfg = Debug|Any CPU
		{CA8477B0-F4FF-426A-A725-C8828D6E4972}.Debug|Any CPU.Build.0 = Debug|Any CPU
		{CA8477B0-F4FF-426A-A725-C8828D6E4972}.Debug|x64.ActiveCfg = Debug|Any CPU
		{CA8477B0-F4FF-426A-A725-C8828D6E4972}.Debug|x64.Build.0 = Debug|Any CPU
		{CA8477B0-F4FF-426A-A725-C8828D6E4972}.Debug|x86.ActiveCfg = Debug|Any CPU
		{CA8477B0-F4FF-426A-A725-C8828D6E4972}.Debug|x86.Build.0 = Debug|Any CPU
		{CA8477B0-F4FF-426A-A725-C8828D6E4972}.Release|Any CPU.ActiveCfg = Release|Any CPU
		{CA8477B0-F4FF-426A-A725-C8828D6E4972}.Release|Any CPU.Build.0 = Release|Any CPU
		{CA8477B0-F4FF-426A-A725-C8828D6E4972}.Release|x64.ActiveCfg = Release|Any CPU
		{CA8477B0-F4FF-426A-A725-C8828D6E4972}.Release|x64.Build.0 = Release|Any CPU
		{CA8477B0-F4FF-426A-A725-C8828D6E4972}.Release|x86.ActiveCfg = Release|Any CPU
		{CA8477B0-F4FF-426A-A725-C8828D6E4972}.Release|x86.Build.0 = Release|Any CPU
		{C1164194-9B1D-4A86-8E97-3BE57C4BDFB5}.Debug|Any CPU.ActiveCfg = Debug|Any CPU
		{C1164194-9B1D-4A86-8E97-3BE57C4BDFB5}.Debug|Any CPU.Build.0 = Debug|Any CPU
		{C1164194-9B1D-4A86-8E97-3BE57C4BDFB5}.Debug|x64.ActiveCfg = Debug|Any CPU
		{C1164194-9B1D-4A86-8E97-3BE57C4BDFB5}.Debug|x64.Build.0 = Debug|Any CPU
		{C1164194-9B1D-4A86-8E97-3BE57C4BDFB5}.Debug|x86.ActiveCfg = Debug|Any CPU
		{C1164194-9B1D-4A86-8E97-3BE57C4BDFB5}.Debug|x86.Build.0 = Debug|Any CPU
		{C1164194-9B1D-4A86-8E97-3BE57C4BDFB5}.Release|Any CPU.ActiveCfg = Release|Any CPU
		{C1164194-9B1D-4A86-8E97-3BE57C4BDFB5}.Release|Any CPU.Build.0 = Release|Any CPU
		{C1164194-9B1D-4A86-8E97-3BE57C4BDFB5}.Release|x64.ActiveCfg = Release|Any CPU
		{C1164194-9B1D-4A86-8E97-3BE57C4BDFB5}.Release|x64.Build.0 = Release|Any CPU
		{C1164194-9B1D-4A86-8E97-3BE57C4BDFB5}.Release|x86.ActiveCfg = Release|Any CPU
		{C1164194-9B1D-4A86-8E97-3BE57C4BDFB5}.Release|x86.Build.0 = Release|Any CPU
		{71C16C7F-1590-42B2-AAF1-8E587E07587F}.Debug|Any CPU.ActiveCfg = Debug|Any CPU
		{71C16C7F-1590-42B2-AAF1-8E587E07587F}.Debug|Any CPU.Build.0 = Debug|Any CPU
		{71C16C7F-1590-42B2-AAF1-8E587E07587F}.Debug|x64.ActiveCfg = Debug|Any CPU
		{71C16C7F-1590-42B2-AAF1-8E587E07587F}.Debug|x64.Build.0 = Debug|Any CPU
		{71C16C7F-1590-42B2-AAF1-8E587E07587F}.Debug|x86.ActiveCfg = Debug|Any CPU
		{71C16C7F-1590-42B2-AAF1-8E587E07587F}.Debug|x86.Build.0 = Debug|Any CPU
		{71C16C7F-1590-42B2-AAF1-8E587E07587F}.Release|Any CPU.ActiveCfg = Release|Any CPU
		{71C16C7F-1590-42B2-AAF1-8E587E07587F}.Release|Any CPU.Build.0 = Release|Any CPU
		{71C16C7F-1590-42B2-AAF1-8E587E07587F}.Release|x64.ActiveCfg = Release|Any CPU
		{71C16C7F-1590-42B2-AAF1-8E587E07587F}.Release|x64.Build.0 = Release|Any CPU
		{71C16C7F-1590-42B2-AAF1-8E587E07587F}.Release|x86.ActiveCfg = Release|Any CPU
		{71C16C7F-1590-42B2-AAF1-8E587E07587F}.Release|x86.Build.0 = Release|Any CPU
		{41D739A0-9E0A-4F7D-B81C-2C6D50FB7D7A}.Debug|Any CPU.ActiveCfg = Debug|Any CPU
		{41D739A0-9E0A-4F7D-B81C-2C6D50FB7D7A}.Debug|Any CPU.Build.0 = Debug|Any CPU
		{41D739A0-9E0A-4F7D-B81C-2C6D50FB7D7A}.Debug|x64.ActiveCfg = Debug|Any CPU
		{41D739A0-9E0A-4F7D-B81C-2C6D50FB7D7A}.Debug|x64.Build.0 = Debug|Any CPU
		{41D739A0-9E0A-4F7D-B81C-2C6D50FB7D7A}.Debug|x86.ActiveCfg = Debug|Any CPU
		{41D739A0-9E0A-4F7D-B81C-2C6D50FB7D7A}.Debug|x86.Build.0 = Debug|Any CPU
		{41D739A0-9E0A-4F7D-B81C-2C6D50FB7D7A}.Release|Any CPU.ActiveCfg = Release|Any CPU
		{41D739A0-9E0A-4F7D-B81C-2C6D50FB7D7A}.Release|Any CPU.Build.0 = Release|Any CPU
		{41D739A0-9E0A-4F7D-B81C-2C6D50FB7D7A}.Release|x64.ActiveCfg = Release|Any CPU
		{41D739A0-9E0A-4F7D-B81C-2C6D50FB7D7A}.Release|x64.Build.0 = Release|Any CPU
		{41D739A0-9E0A-4F7D-B81C-2C6D50FB7D7A}.Release|x86.ActiveCfg = Release|Any CPU
		{41D739A0-9E0A-4F7D-B81C-2C6D50FB7D7A}.Release|x86.Build.0 = Release|Any CPU
		{64128E01-A048-47BB-890C-875F035E5749}.Debug|Any CPU.ActiveCfg = Debug|Any CPU
		{64128E01-A048-47BB-890C-875F035E5749}.Debug|Any CPU.Build.0 = Debug|Any CPU
		{64128E01-A048-47BB-890C-875F035E5749}.Debug|x64.ActiveCfg = Debug|Any CPU
		{64128E01-A048-47BB-890C-875F035E5749}.Debug|x64.Build.0 = Debug|Any CPU
		{64128E01-A048-47BB-890C-875F035E5749}.Debug|x86.ActiveCfg = Debug|Any CPU
		{64128E01-A048-47BB-890C-875F035E5749}.Debug|x86.Build.0 = Debug|Any CPU
		{64128E01-A048-47BB-890C-875F035E5749}.Release|Any CPU.ActiveCfg = Release|Any CPU
		{64128E01-A048-47BB-890C-875F035E5749}.Release|Any CPU.Build.0 = Release|Any CPU
		{64128E01-A048-47BB-890C-875F035E5749}.Release|x64.ActiveCfg = Release|Any CPU
		{64128E01-A048-47BB-890C-875F035E5749}.Release|x64.Build.0 = Release|Any CPU
		{64128E01-A048-47BB-890C-875F035E5749}.Release|x86.ActiveCfg = Release|Any CPU
		{64128E01-A048-47BB-890C-875F035E5749}.Release|x86.Build.0 = Release|Any CPU
		{A60601FD-178B-4046-B2BA-0A990C49E3DC}.Debug|Any CPU.ActiveCfg = Debug|Any CPU
		{A60601FD-178B-4046-B2BA-0A990C49E3DC}.Debug|Any CPU.Build.0 = Debug|Any CPU
		{A60601FD-178B-4046-B2BA-0A990C49E3DC}.Debug|x64.ActiveCfg = Debug|Any CPU
		{A60601FD-178B-4046-B2BA-0A990C49E3DC}.Debug|x64.Build.0 = Debug|Any CPU
		{A60601FD-178B-4046-B2BA-0A990C49E3DC}.Debug|x86.ActiveCfg = Debug|Any CPU
		{A60601FD-178B-4046-B2BA-0A990C49E3DC}.Debug|x86.Build.0 = Debug|Any CPU
		{A60601FD-178B-4046-B2BA-0A990C49E3DC}.Release|Any CPU.ActiveCfg = Release|Any CPU
		{A60601FD-178B-4046-B2BA-0A990C49E3DC}.Release|Any CPU.Build.0 = Release|Any CPU
		{A60601FD-178B-4046-B2BA-0A990C49E3DC}.Release|x64.ActiveCfg = Release|Any CPU
		{A60601FD-178B-4046-B2BA-0A990C49E3DC}.Release|x64.Build.0 = Release|Any CPU
		{A60601FD-178B-4046-B2BA-0A990C49E3DC}.Release|x86.ActiveCfg = Release|Any CPU
		{A60601FD-178B-4046-B2BA-0A990C49E3DC}.Release|x86.Build.0 = Release|Any CPU
		{F3401167-E3F9-4648-ACD4-E5D552C7C747}.Debug|Any CPU.ActiveCfg = Debug|Any CPU
		{F3401167-E3F9-4648-ACD4-E5D552C7C747}.Debug|Any CPU.Build.0 = Debug|Any CPU
		{F3401167-E3F9-4648-ACD4-E5D552C7C747}.Debug|x64.ActiveCfg = Debug|Any CPU
		{F3401167-E3F9-4648-ACD4-E5D552C7C747}.Debug|x64.Build.0 = Debug|Any CPU
		{F3401167-E3F9-4648-ACD4-E5D552C7C747}.Debug|x86.ActiveCfg = Debug|Any CPU
		{F3401167-E3F9-4648-ACD4-E5D552C7C747}.Debug|x86.Build.0 = Debug|Any CPU
		{F3401167-E3F9-4648-ACD4-E5D552C7C747}.Release|Any CPU.ActiveCfg = Release|Any CPU
		{F3401167-E3F9-4648-ACD4-E5D552C7C747}.Release|Any CPU.Build.0 = Release|Any CPU
		{F3401167-E3F9-4648-ACD4-E5D552C7C747}.Release|x64.ActiveCfg = Release|Any CPU
		{F3401167-E3F9-4648-ACD4-E5D552C7C747}.Release|x64.Build.0 = Release|Any CPU
		{F3401167-E3F9-4648-ACD4-E5D552C7C747}.Release|x86.ActiveCfg = Release|Any CPU
		{F3401167-E3F9-4648-ACD4-E5D552C7C747}.Release|x86.Build.0 = Release|Any CPU
		{CDE1E4B4-2922-47A8-9E13-0FB9DF926517}.Debug|Any CPU.ActiveCfg = Debug|Any CPU
		{CDE1E4B4-2922-47A8-9E13-0FB9DF926517}.Debug|Any CPU.Build.0 = Debug|Any CPU
		{CDE1E4B4-2922-47A8-9E13-0FB9DF926517}.Debug|x64.ActiveCfg = Debug|Any CPU
		{CDE1E4B4-2922-47A8-9E13-0FB9DF926517}.Debug|x64.Build.0 = Debug|Any CPU
		{CDE1E4B4-2922-47A8-9E13-0FB9DF926517}.Debug|x86.ActiveCfg = Debug|Any CPU
		{CDE1E4B4-2922-47A8-9E13-0FB9DF926517}.Debug|x86.Build.0 = Debug|Any CPU
		{CDE1E4B4-2922-47A8-9E13-0FB9DF926517}.Release|Any CPU.ActiveCfg = Release|Any CPU
		{CDE1E4B4-2922-47A8-9E13-0FB9DF926517}.Release|Any CPU.Build.0 = Release|Any CPU
		{CDE1E4B4-2922-47A8-9E13-0FB9DF926517}.Release|x64.ActiveCfg = Release|Any CPU
		{CDE1E4B4-2922-47A8-9E13-0FB9DF926517}.Release|x64.Build.0 = Release|Any CPU
		{CDE1E4B4-2922-47A8-9E13-0FB9DF926517}.Release|x86.ActiveCfg = Release|Any CPU
		{CDE1E4B4-2922-47A8-9E13-0FB9DF926517}.Release|x86.Build.0 = Release|Any CPU
		{5F920D25-7D07-4BC5-BF3E-D2815179EC94}.Debug|Any CPU.ActiveCfg = Debug|Any CPU
		{5F920D25-7D07-4BC5-BF3E-D2815179EC94}.Debug|Any CPU.Build.0 = Debug|Any CPU
		{5F920D25-7D07-4BC5-BF3E-D2815179EC94}.Debug|x64.ActiveCfg = Debug|Any CPU
		{5F920D25-7D07-4BC5-BF3E-D2815179EC94}.Debug|x64.Build.0 = Debug|Any CPU
		{5F920D25-7D07-4BC5-BF3E-D2815179EC94}.Debug|x86.ActiveCfg = Debug|Any CPU
		{5F920D25-7D07-4BC5-BF3E-D2815179EC94}.Debug|x86.Build.0 = Debug|Any CPU
		{5F920D25-7D07-4BC5-BF3E-D2815179EC94}.Release|Any CPU.ActiveCfg = Release|Any CPU
		{5F920D25-7D07-4BC5-BF3E-D2815179EC94}.Release|Any CPU.Build.0 = Release|Any CPU
		{5F920D25-7D07-4BC5-BF3E-D2815179EC94}.Release|x64.ActiveCfg = Release|Any CPU
		{5F920D25-7D07-4BC5-BF3E-D2815179EC94}.Release|x64.Build.0 = Release|Any CPU
		{5F920D25-7D07-4BC5-BF3E-D2815179EC94}.Release|x86.ActiveCfg = Release|Any CPU
		{5F920D25-7D07-4BC5-BF3E-D2815179EC94}.Release|x86.Build.0 = Release|Any CPU
		{6163D7C9-53AC-4937-94E0-C1AA088A0280}.Debug|Any CPU.ActiveCfg = Debug|Any CPU
		{6163D7C9-53AC-4937-94E0-C1AA088A0280}.Debug|Any CPU.Build.0 = Debug|Any CPU
		{6163D7C9-53AC-4937-94E0-C1AA088A0280}.Debug|x64.ActiveCfg = Debug|Any CPU
		{6163D7C9-53AC-4937-94E0-C1AA088A0280}.Debug|x64.Build.0 = Debug|Any CPU
		{6163D7C9-53AC-4937-94E0-C1AA088A0280}.Debug|x86.ActiveCfg = Debug|Any CPU
		{6163D7C9-53AC-4937-94E0-C1AA088A0280}.Debug|x86.Build.0 = Debug|Any CPU
		{6163D7C9-53AC-4937-94E0-C1AA088A0280}.Release|Any CPU.ActiveCfg = Release|Any CPU
		{6163D7C9-53AC-4937-94E0-C1AA088A0280}.Release|Any CPU.Build.0 = Release|Any CPU
		{6163D7C9-53AC-4937-94E0-C1AA088A0280}.Release|x64.ActiveCfg = Release|Any CPU
		{6163D7C9-53AC-4937-94E0-C1AA088A0280}.Release|x64.Build.0 = Release|Any CPU
		{6163D7C9-53AC-4937-94E0-C1AA088A0280}.Release|x86.ActiveCfg = Release|Any CPU
		{6163D7C9-53AC-4937-94E0-C1AA088A0280}.Release|x86.Build.0 = Release|Any CPU
		{C077A97C-3CE3-43F0-8F26-555F1D8CA275}.Debug|Any CPU.ActiveCfg = Debug|Any CPU
		{C077A97C-3CE3-43F0-8F26-555F1D8CA275}.Debug|Any CPU.Build.0 = Debug|Any CPU
		{C077A97C-3CE3-43F0-8F26-555F1D8CA275}.Debug|x64.ActiveCfg = Debug|Any CPU
		{C077A97C-3CE3-43F0-8F26-555F1D8CA275}.Debug|x64.Build.0 = Debug|Any CPU
		{C077A97C-3CE3-43F0-8F26-555F1D8CA275}.Debug|x86.ActiveCfg = Debug|Any CPU
		{C077A97C-3CE3-43F0-8F26-555F1D8CA275}.Debug|x86.Build.0 = Debug|Any CPU
		{C077A97C-3CE3-43F0-8F26-555F1D8CA275}.Release|Any CPU.ActiveCfg = Release|Any CPU
		{C077A97C-3CE3-43F0-8F26-555F1D8CA275}.Release|Any CPU.Build.0 = Release|Any CPU
		{C077A97C-3CE3-43F0-8F26-555F1D8CA275}.Release|x64.ActiveCfg = Release|Any CPU
		{C077A97C-3CE3-43F0-8F26-555F1D8CA275}.Release|x64.Build.0 = Release|Any CPU
		{C077A97C-3CE3-43F0-8F26-555F1D8CA275}.Release|x86.ActiveCfg = Release|Any CPU
		{C077A97C-3CE3-43F0-8F26-555F1D8CA275}.Release|x86.Build.0 = Release|Any CPU
		{D240A336-A3F5-47D3-99CB-00F06F541046}.Debug|Any CPU.ActiveCfg = Debug|Any CPU
		{D240A336-A3F5-47D3-99CB-00F06F541046}.Debug|Any CPU.Build.0 = Debug|Any CPU
		{D240A336-A3F5-47D3-99CB-00F06F541046}.Debug|x64.ActiveCfg = Debug|Any CPU
		{D240A336-A3F5-47D3-99CB-00F06F541046}.Debug|x64.Build.0 = Debug|Any CPU
		{D240A336-A3F5-47D3-99CB-00F06F541046}.Debug|x86.ActiveCfg = Debug|Any CPU
		{D240A336-A3F5-47D3-99CB-00F06F541046}.Debug|x86.Build.0 = Debug|Any CPU
		{D240A336-A3F5-47D3-99CB-00F06F541046}.Release|Any CPU.ActiveCfg = Release|Any CPU
		{D240A336-A3F5-47D3-99CB-00F06F541046}.Release|Any CPU.Build.0 = Release|Any CPU
		{D240A336-A3F5-47D3-99CB-00F06F541046}.Release|x64.ActiveCfg = Release|Any CPU
		{D240A336-A3F5-47D3-99CB-00F06F541046}.Release|x64.Build.0 = Release|Any CPU
		{D240A336-A3F5-47D3-99CB-00F06F541046}.Release|x86.ActiveCfg = Release|Any CPU
		{D240A336-A3F5-47D3-99CB-00F06F541046}.Release|x86.Build.0 = Release|Any CPU
		{FDC9AE57-D722-4970-AC2B-2B714BAB81CE}.Debug|Any CPU.ActiveCfg = Debug|Any CPU
		{FDC9AE57-D722-4970-AC2B-2B714BAB81CE}.Debug|Any CPU.Build.0 = Debug|Any CPU
		{FDC9AE57-D722-4970-AC2B-2B714BAB81CE}.Debug|x64.ActiveCfg = Debug|Any CPU
		{FDC9AE57-D722-4970-AC2B-2B714BAB81CE}.Debug|x64.Build.0 = Debug|Any CPU
		{FDC9AE57-D722-4970-AC2B-2B714BAB81CE}.Debug|x86.ActiveCfg = Debug|Any CPU
		{FDC9AE57-D722-4970-AC2B-2B714BAB81CE}.Debug|x86.Build.0 = Debug|Any CPU
		{FDC9AE57-D722-4970-AC2B-2B714BAB81CE}.Release|Any CPU.ActiveCfg = Release|Any CPU
		{FDC9AE57-D722-4970-AC2B-2B714BAB81CE}.Release|Any CPU.Build.0 = Release|Any CPU
		{FDC9AE57-D722-4970-AC2B-2B714BAB81CE}.Release|x64.ActiveCfg = Release|Any CPU
		{FDC9AE57-D722-4970-AC2B-2B714BAB81CE}.Release|x64.Build.0 = Release|Any CPU
		{FDC9AE57-D722-4970-AC2B-2B714BAB81CE}.Release|x86.ActiveCfg = Release|Any CPU
		{FDC9AE57-D722-4970-AC2B-2B714BAB81CE}.Release|x86.Build.0 = Release|Any CPU
		{4319FA5E-A256-40CC-A8DC-D2BB7F4B4015}.Debug|Any CPU.ActiveCfg = Debug|Any CPU
		{4319FA5E-A256-40CC-A8DC-D2BB7F4B4015}.Debug|Any CPU.Build.0 = Debug|Any CPU
		{4319FA5E-A256-40CC-A8DC-D2BB7F4B4015}.Debug|x64.ActiveCfg = Debug|Any CPU
		{4319FA5E-A256-40CC-A8DC-D2BB7F4B4015}.Debug|x64.Build.0 = Debug|Any CPU
		{4319FA5E-A256-40CC-A8DC-D2BB7F4B4015}.Debug|x86.ActiveCfg = Debug|Any CPU
		{4319FA5E-A256-40CC-A8DC-D2BB7F4B4015}.Debug|x86.Build.0 = Debug|Any CPU
		{4319FA5E-A256-40CC-A8DC-D2BB7F4B4015}.Release|Any CPU.ActiveCfg = Release|Any CPU
		{4319FA5E-A256-40CC-A8DC-D2BB7F4B4015}.Release|Any CPU.Build.0 = Release|Any CPU
		{4319FA5E-A256-40CC-A8DC-D2BB7F4B4015}.Release|x64.ActiveCfg = Release|Any CPU
		{4319FA5E-A256-40CC-A8DC-D2BB7F4B4015}.Release|x64.Build.0 = Release|Any CPU
		{4319FA5E-A256-40CC-A8DC-D2BB7F4B4015}.Release|x86.ActiveCfg = Release|Any CPU
		{4319FA5E-A256-40CC-A8DC-D2BB7F4B4015}.Release|x86.Build.0 = Release|Any CPU
		{FFB2463C-92E1-4FFD-8A27-612FE02B4181}.Debug|Any CPU.ActiveCfg = Debug|Any CPU
		{FFB2463C-92E1-4FFD-8A27-612FE02B4181}.Debug|Any CPU.Build.0 = Debug|Any CPU
		{FFB2463C-92E1-4FFD-8A27-612FE02B4181}.Debug|x64.ActiveCfg = Debug|Any CPU
		{FFB2463C-92E1-4FFD-8A27-612FE02B4181}.Debug|x64.Build.0 = Debug|Any CPU
		{FFB2463C-92E1-4FFD-8A27-612FE02B4181}.Debug|x86.ActiveCfg = Debug|Any CPU
		{FFB2463C-92E1-4FFD-8A27-612FE02B4181}.Debug|x86.Build.0 = Debug|Any CPU
		{FFB2463C-92E1-4FFD-8A27-612FE02B4181}.Release|Any CPU.ActiveCfg = Release|Any CPU
		{FFB2463C-92E1-4FFD-8A27-612FE02B4181}.Release|Any CPU.Build.0 = Release|Any CPU
		{FFB2463C-92E1-4FFD-8A27-612FE02B4181}.Release|x64.ActiveCfg = Release|Any CPU
		{FFB2463C-92E1-4FFD-8A27-612FE02B4181}.Release|x64.Build.0 = Release|Any CPU
		{FFB2463C-92E1-4FFD-8A27-612FE02B4181}.Release|x86.ActiveCfg = Release|Any CPU
		{FFB2463C-92E1-4FFD-8A27-612FE02B4181}.Release|x86.Build.0 = Release|Any CPU
		{363B8EA1-2979-43D5-B626-D14B86974988}.Debug|Any CPU.ActiveCfg = Debug|Any CPU
		{363B8EA1-2979-43D5-B626-D14B86974988}.Debug|Any CPU.Build.0 = Debug|Any CPU
		{363B8EA1-2979-43D5-B626-D14B86974988}.Debug|x64.ActiveCfg = Debug|Any CPU
		{363B8EA1-2979-43D5-B626-D14B86974988}.Debug|x64.Build.0 = Debug|Any CPU
		{363B8EA1-2979-43D5-B626-D14B86974988}.Debug|x86.ActiveCfg = Debug|Any CPU
		{363B8EA1-2979-43D5-B626-D14B86974988}.Debug|x86.Build.0 = Debug|Any CPU
		{363B8EA1-2979-43D5-B626-D14B86974988}.Release|Any CPU.ActiveCfg = Release|Any CPU
		{363B8EA1-2979-43D5-B626-D14B86974988}.Release|Any CPU.Build.0 = Release|Any CPU
		{363B8EA1-2979-43D5-B626-D14B86974988}.Release|x64.ActiveCfg = Release|Any CPU
		{363B8EA1-2979-43D5-B626-D14B86974988}.Release|x64.Build.0 = Release|Any CPU
		{363B8EA1-2979-43D5-B626-D14B86974988}.Release|x86.ActiveCfg = Release|Any CPU
		{363B8EA1-2979-43D5-B626-D14B86974988}.Release|x86.Build.0 = Release|Any CPU
	EndGlobalSection
	GlobalSection(SolutionProperties) = preSolution
		HideSolutionNode = FALSE
	EndGlobalSection
	GlobalSection(NestedProjects) = preSolution
		{ADA200DB-33FD-4CB9-B67E-0A5557014292} = {663B708E-82A6-4013-9600-2F432FBDCADF}
		{74A100B4-1990-47BE-88EF-8D3F7106324D} = {DC5AD775-EB69-49A8-B202-DA146968BE50}
		{57CFC5D8-6805-4BD1-B682-BAE3FFF72FB0} = {2B3A3A15-F58C-458F-9490-6DD81161401E}
		{DBF84330-825C-4989-8F54-0CC95C09E73C} = {38995EAC-9B30-41A9-B86E-D16F0659BD17}
		{E7D977B4-7932-4261-8B81-B56DDD8691AC} = {38995EAC-9B30-41A9-B86E-D16F0659BD17}
		{CA8477B0-F4FF-426A-A725-C8828D6E4972} = {38995EAC-9B30-41A9-B86E-D16F0659BD17}
		{C1164194-9B1D-4A86-8E97-3BE57C4BDFB5} = {2B266250-E05A-4B9D-AAEF-833F0AD97D35}
		{71C16C7F-1590-42B2-AAF1-8E587E07587F} = {663B708E-82A6-4013-9600-2F432FBDCADF}
		{38995EAC-9B30-41A9-B86E-D16F0659BD17} = {663B708E-82A6-4013-9600-2F432FBDCADF}
		{3C166490-0447-405E-BF7F-E724D94B54BD} = {663B708E-82A6-4013-9600-2F432FBDCADF}
		{41D739A0-9E0A-4F7D-B81C-2C6D50FB7D7A} = {3C166490-0447-405E-BF7F-E724D94B54BD}
		{64128E01-A048-47BB-890C-875F035E5749} = {3C166490-0447-405E-BF7F-E724D94B54BD}
		{45B8A7FB-5BC7-4096-9BDD-30E383B8601D} = {663B708E-82A6-4013-9600-2F432FBDCADF}
		{A60601FD-178B-4046-B2BA-0A990C49E3DC} = {45B8A7FB-5BC7-4096-9BDD-30E383B8601D}
		{F3401167-E3F9-4648-ACD4-E5D552C7C747} = {45B8A7FB-5BC7-4096-9BDD-30E383B8601D}
		{CDE1E4B4-2922-47A8-9E13-0FB9DF926517} = {38995EAC-9B30-41A9-B86E-D16F0659BD17}
		{5F920D25-7D07-4BC5-BF3E-D2815179EC94} = {45B8A7FB-5BC7-4096-9BDD-30E383B8601D}
		{6163D7C9-53AC-4937-94E0-C1AA088A0280} = {3C166490-0447-405E-BF7F-E724D94B54BD}
		{2B266250-E05A-4B9D-AAEF-833F0AD97D35} = {663B708E-82A6-4013-9600-2F432FBDCADF}
		{C077A97C-3CE3-43F0-8F26-555F1D8CA275} = {2B266250-E05A-4B9D-AAEF-833F0AD97D35}
		{D240A336-A3F5-47D3-99CB-00F06F541046} = {2B266250-E05A-4B9D-AAEF-833F0AD97D35}
		{FDC9AE57-D722-4970-AC2B-2B714BAB81CE} = {2B266250-E05A-4B9D-AAEF-833F0AD97D35}
		{4319FA5E-A256-40CC-A8DC-D2BB7F4B4015} = {2B266250-E05A-4B9D-AAEF-833F0AD97D35}
		{FFB2463C-92E1-4FFD-8A27-612FE02B4181} = {2B266250-E05A-4B9D-AAEF-833F0AD97D35}
		{363B8EA1-2979-43D5-B626-D14B86974988} = {2B266250-E05A-4B9D-AAEF-833F0AD97D35}
	EndGlobalSection
	GlobalSection(ExtensibilityGlobals) = postSolution
		SolutionGuid = {1087AB4B-9E8C-4C80-BB6C-0DCF25C4BD38}
	EndGlobalSection
EndGlobal
